
Microsoft Visual Studio Solution File, Format Version 12.00
# Visual Studio Version 17
VisualStudioVersion = 17.3.32901.215
MinimumVisualStudioVersion = 10.0.40219.1
Project("{FAE04EC0-301F-11D3-BF4B-00C04F79EFBC}") = "Jaddad_Zizi_Hamdaoui", "Jaddad_Zizi_Hamdaoui\Jaddad_Zizi_Hamdaoui.csproj", "{2B962F93-E658-4A93-A998-1892F360856A}"
EndProject
Global
	GlobalSection(SolutionConfigurationPlatforms) = preSolution
		Debug|Any CPU = Debug|Any CPU
		Release|Any CPU = Release|Any CPU
	EndGlobalSection
	GlobalSection(ProjectConfigurationPlatforms) = postSolution
		{2B962F93-E658-4A93-A998-1892F360856A}.Debug|Any CPU.ActiveCfg = Debug|Any CPU
		{2B962F93-E658-4A93-A998-1892F360856A}.Debug|Any CPU.Build.0 = Debug|Any CPU
		{2B962F93-E658-4A93-A998-1892F360856A}.Release|Any CPU.ActiveCfg = Release|Any CPU
		{2B962F93-E658-4A93-A998-1892F360856A}.Release|Any CPU.Build.0 = Release|Any CPU
	EndGlobalSection
	GlobalSection(SolutionProperties) = preSolution
		HideSolutionNode = FALSE
	EndGlobalSection
	GlobalSection(ExtensibilityGlobals) = postSolution
		SolutionGuid = {0CEB1D50-4693-4599-A081-8EA05C49E7D5}
	EndGlobalSection
EndGlobal
